{
  "name": "Backbone-Prac",
  "version": "1.0.0",
  "lockfileVersion": 1,
  "requires": true,
  "dependencies": {
    "@types/backbone": {
      "version": "1.3.42",
      "resolved": "https://registry.npmjs.org/@types/backbone/-/backbone-1.3.42.tgz",
      "integrity": "sha512-sg6WhUW1RorO/Yc0yKqVhekBlweLbQqJciHr70FYL4Z8IFhcZngyXaYdfq8MCv/Rf/Nry5Sbsl9jWGzUN+2Zbg==",
      "requires": {
        "@types/jquery": "*",
        "@types/underscore": "*"
      }
    },
    "@types/jquery": {
      "version": "3.3.1",
      "resolved": "https://registry.npmjs.org/@types/jquery/-/jquery-3.3.1.tgz",
      "integrity": "sha512-N3h+rzN518yl2xKrW0o6KKdNmWZ+OwG6SoM5TBEQFF0tTv5wXPEsoOuYQ2Kt3/89XbcSZUJLdjiT/2c3BR/ApQ=="
    },
    "@types/node": {
      "version": "9.6.12",
      "resolved": "https://registry.npmjs.org/@types/node/-/node-9.6.12.tgz",
      "integrity": "sha512-2Z8ziWjJbvV8hHL5YcqCG9ng+/qwUlO1gB4frBD7QI5Wm1Y1iM+AEkGVEv0S5P+aDMwTtAhPJFR4rp1uqagSig=="
    },
    "@types/underscore": {
      "version": "1.8.8",
      "resolved": "https://registry.npmjs.org/@types/underscore/-/underscore-1.8.8.tgz",
      "integrity": "sha512-EquzRwzAAs04anQ8/6MYXFKvHoD+MIlF+gu87EDda7dN9zrKvQYHsc9VFAPB1xY4tUHQVvBMtjsHrvof2EE1Mg=="
    },
    "backbone": {
      "version": "1.3.3",
      "resolved": "https://registry.npmjs.org/backbone/-/backbone-1.3.3.tgz",
      "integrity": "sha1-TMgOp8sWMaxHSInOQPL4vGg7KZk=",
      "requires": {
        "underscore": ">=1.8.3"
      }
    },
    "hammerjs": {
      "version": "2.0.8",
      "resolved": "https://registry.npmjs.org/hammerjs/-/hammerjs-2.0.8.tgz",
      "integrity": "sha1-BO93hiz/K7edMPdpIJWTAiK/YPE="
    },
    "jquery": {
      "version": "3.6.0",
      "resolved": "https://registry.npmjs.org/jquery/-/jquery-3.6.0.tgz",
      "integrity": "sha512-JVzAR/AjBvVt2BmYhxRCSYysDsPcssdmTFnzyLEts9qNwmjmu4JTAMYubEfwVOSwpQ1I1sKKFcxhZCI2buerfw=="
    },
    "underscore": {
      "version": "1.9.0",
      "resolved": "https://registry.npmjs.org/underscore/-/underscore-1.9.0.tgz",
      "integrity": "sha512-4IV1DSSxC1QK48j9ONFK1MoIAKKkbE8i7u55w2R6IqBqbT7A/iG7aZBCR2Bi8piF0Uz+i/MG1aeqLwl/5vqF+A=="
    }
  }
}
